
Microsoft Visual Studio Solution File, Format Version 12.00
# Visual Studio Version 17
VisualStudioVersion = 17.5.33516.290
MinimumVisualStudioVersion = 10.0.40219.1
Project("{FAE04EC0-301F-11D3-BF4B-00C04F79EFBC}") = "BepInEx Installer", "BepInEx Installer\BepInEx Installer.csproj", "{5890D5EF-F7F4-45E9-9EA0-BA4A86A40AFC}"
EndProject
Global
	GlobalSection(SolutionConfigurationPlatforms) = preSolution
		Debug|Any CPU = Debug|Any CPU
		Release|Any CPU = Release|Any CPU
	EndGlobalSection
	GlobalSection(ProjectConfigurationPlatforms) = postSolution
		{5890D5EF-F7F4-45E9-9EA0-BA4A86A40AFC}.Debug|Any CPU.ActiveCfg = Debug|Any CPU
		{5890D5EF-F7F4-45E9-9EA0-BA4A86A40AFC}.Debug|Any CPU.Build.0 = Debug|Any CPU
		{5890D5EF-F7F4-45E9-9EA0-BA4A86A40AFC}.Release|Any CPU.ActiveCfg = Release|Any CPU
		{5890D5EF-F7F4-45E9-9EA0-BA4A86A40AFC}.Release|Any CPU.Build.0 = Release|Any CPU
	EndGlobalSection
	GlobalSection(SolutionProperties) = preSolution
		HideSolutionNode = FALSE
	EndGlobalSection
	GlobalSection(ExtensibilityGlobals) = postSolution
		SolutionGuid = {9B5CD343-8DAC-4F6E-96A4-408F7D236838}
	EndGlobalSection
EndGlobal
